<?xml version="1.0" encoding="utf-8"?>
<Project ToolsVersion="4.0" xmlns="http://schemas.microsoft.com/developer/msbuild/2003">
  <ItemGroup>
    <Filter Include="Source Files">
      <UniqueIdentifier>{4FC737F1-C7A5-4376-A066-2A32D752A2FF}</UniqueIdentifier>
      <Extensions>cpp;c;cc;cxx;c++;cppm;ixx;def;odl;idl;hpj;bat;asm;asmx</Extensions>
    </Filter>
    <Filter Include="Header Files">
      <UniqueIdentifier>{93995380-89BD-4b04-88EB-625FBE52EBFB}</UniqueIdentifier>
      <Extensions>h;hh;hpp;hxx;h++;hm;inl;inc;ipp;xsd</Extensions>
    </Filter>
    <Filter Include="Resource Files">
      <UniqueIdentifier>{67DA6AB6-F800-4c08-8B7A-83BB121AAD01}</UniqueIdentifier>
      <Extensions>rc;ico;cur;bmp;dlg;rc2;rct;bin;rgs;gif;jpg;jpeg;jpe;resx;tiff;tif;png;wav;mfcribbon-ms</Extensions>
    </Filter>
  </ItemGroup>
  <ItemGroup>
    <ClCompile Include="C64_Txt_Sizer.cpp">
      <Filter>Source Files</Filter>
    </ClCompile>
    <ClCompile Include="WinErrBox.cpp">
      <Filter>Source Files</Filter>
    </ClCompile>
    <ClCompile Include="ToKeyValue.cpp">
      <Filter>Source Files</Filter>
    </ClCompile>
    <ClCompile Include="TxtFileToStrings.cpp">
      <Filter>Source Files</Filter>
    </ClCompile>
    <ClCompile Include="CreateFile.cpp">
      <Filter>Source Files</Filter>
    </ClCompile>
    <ClCompile Include="ReadConfig.cpp">
      <Filter>Source Files</Filter>
    </ClCompile>
    <ClCompile Include="ForDebug.cpp">
      <Filter>Source Files</Filter>
    </ClCompile>
    <ClCompile Include="FoldersAndFilenames.cpp">
      <Filter>Source Files</Filter>
    </ClCompile>
    <ClCompile Include="Interaction.cpp">
      <Filter>Source Files</Filter>
    </ClCompile>
    <ClCompile Include="TextProcessor.cpp">
      <Filter>Source Files</Filter>
    </ClCompile>
    <ClCompile Include="ToFile.cpp">
      <Filter>Source Files</Filter>
    </ClCompile>
  </ItemGroup>
  <ItemGroup>
    <ClInclude Include="Structs.h">
      <Filter>Header Files</Filter>
    </ClInclude>
    <ClInclude Include="WinErrBox.hpp">
      <Filter>Header Files</Filter>
    </ClInclude>
    <ClInclude Include="ToKeyValue.h">
      <Filter>Header Files</Filter>
    </ClInclude>
    <ClInclude Include="Defines.h">
      <Filter>Header Files</Filter>
    </ClInclude>
    <ClInclude Include="ErrorCodes.h">
      <Filter>Header Files</Filter>
    </ClInclude>
    <ClInclude Include="TxtFileToStrings.h">
      <Filter>Header Files</Filter>
    </ClInclude>
    <ClInclude Include="CreateFile.h">
      <Filter>Header Files</Filter>
    </ClInclude>
    <ClInclude Include="ReadConfig.h">
      <Filter>Header Files</Filter>
    </ClInclude>
    <ClInclude Include="ForDebug.h">
      <Filter>Header Files</Filter>
    </ClInclude>
    <ClInclude Include="FoldersAndFilenames.h">
      <Filter>Header Files</Filter>
    </ClInclude>
    <ClInclude Include="Interaction.h">
      <Filter>Header Files</Filter>
    </ClInclude>
    <ClInclude Include="TextProcessor.h">
      <Filter>Header Files</Filter>
    </ClInclude>
    <ClInclude Include="ToFile.h">
      <Filter>Header Files</Filter>
    </ClInclude>
  </ItemGroup>
</Project>